// !$*UTF8*$!
{
	archiveVersion = 1;
	classes = {
	};
	objectVersion = 56;
	objects = {

/* Begin PBXBuildFile section */
		6935AC4CF85766738969FEEB /* Pods_Gofferwall_iOS_Sample.framework in Frameworks */ = {isa = PBXBuildFile; fileRef = BE1725A43426983CF7F3A18B /* Pods_Gofferwall_iOS_Sample.framework */; };
		9A8DBD652B5130A10093C015 /* AppDelegate.swift in Sources */ = {isa = PBXBuildFile; fileRef = 9A8DBD642B5130A10093C015 /* AppDelegate.swift */; };
		9A8DBD672B5130A10093C015 /* SceneDelegate.swift in Sources */ = {isa = PBXBuildFile; fileRef = 9A8DBD662B5130A10093C015 /* SceneDelegate.swift */; };
		9A8DBD692B5130A10093C015 /* ViewController.swift in Sources */ = {isa = PBXBuildFile; fileRef = 9A8DBD682B5130A10093C015 /* ViewController.swift */; };
		9A8DBD6C2B5130A10093C015 /* Main.storyboard in Resources */ = {isa = PBXBuildFile; fileRef = 9A8DBD6A2B5130A10093C015 /* Main.storyboard */; };
		9A8DBD6E2B5130A10093C015 /* Assets.xcassets in Resources */ = {isa = PBXBuildFile; fileRef = 9A8DBD6D2B5130A10093C015 /* Assets.xcassets */; };
		9A8DBD712B5130A10093C015 /* LaunchScreen.storyboard in Resources */ = {isa = PBXBuildFile; fileRef = 9A8DBD6F2B5130A10093C015 /* LaunchScreen.storyboard */; };
/* End PBXBuildFile section */

/* Begin PBXFileReference section */
		5B89DCEB96C6AE7CA74F6F3A /* Pods-Gofferwall-iOS-Sample.release.xcconfig */ = {isa = PBXFileReference; includeInIndex = 1; lastKnownFileType = text.xcconfig; name = "Pods-Gofferwall-iOS-Sample.release.xcconfig"; path = "Target Support Files/Pods-Gofferwall-iOS-Sample/Pods-Gofferwall-iOS-Sample.release.xcconfig"; sourceTree = "<group>"; };
		684EC21BB2796D32576B6C2E /* Pods-Gofferwall-iOS-Sample.debug.xcconfig */ = {isa = PBXFileReference; includeInIndex = 1; lastKnownFileType = text.xcconfig; name = "Pods-Gofferwall-iOS-Sample.debug.xcconfig"; path = "Target Support Files/Pods-Gofferwall-iOS-Sample/Pods-Gofferwall-iOS-Sample.debug.xcconfig"; sourceTree = "<group>"; };
		9A8DBD612B5130A10093C015 /* Gofferwall-iOS-Sample.app */ = {isa = PBXFileReference; explicitFileType = wrapper.application; includeInIndex = 0; path = "Gofferwall-iOS-Sample.app"; sourceTree = BUILT_PRODUCTS_DIR; };
		9A8DBD642B5130A10093C015 /* AppDelegate.swift */ = {isa = PBXFileReference; lastKnownFileType = sourcecode.swift; path = AppDelegate.swift; sourceTree = "<group>"; };
		9A8DBD662B5130A10093C015 /* SceneDelegate.swift */ = {isa = PBXFileReference; lastKnownFileType = sourcecode.swift; path = SceneDelegate.swift; sourceTree = "<group>"; };
		9A8DBD682B5130A10093C015 /* ViewController.swift */ = {isa = PBXFileReference; lastKnownFileType = sourcecode.swift; path = ViewController.swift; sourceTree = "<group>"; };
		9A8DBD6B2B5130A10093C015 /* Base */ = {isa = PBXFileReference; lastKnownFileType = file.storyboard; name = Base; path = Base.lproj/Main.storyboard; sourceTree = "<group>"; };
		9A8DBD6D2B5130A10093C015 /* Assets.xcassets */ = {isa = PBXFileReference; lastKnownFileType = folder.assetcatalog; path = Assets.xcassets; sourceTree = "<group>"; };
		9A8DBD702B5130A10093C015 /* Base */ = {isa = PBXFileReference; lastKnownFileType = file.storyboard; name = Base; path = Base.lproj/LaunchScreen.storyboard; sourceTree = "<group>"; };
		9A8DBD722B5130A10093C015 /* Info.plist */ = {isa = PBXFileReference; lastKnownFileType = text.plist.xml; path = Info.plist; sourceTree = "<group>"; };
		BE1725A43426983CF7F3A18B /* Pods_Gofferwall_iOS_Sample.framework */ = {isa = PBXFileReference; explicitFileType = wrapper.framework; includeInIndex = 0; path = Pods_Gofferwall_iOS_Sample.framework; sourceTree = BUILT_PRODUCTS_DIR; };
/* End PBXFileReference section */

/* Begin PBXFrameworksBuildPhase section */
		9A8DBD5E2B5130A10093C015 /* Frameworks */ = {
			isa = PBXFrameworksBuildPhase;
			buildActionMask = 2147483647;
			files = (
				6935AC4CF85766738969FEEB /* Pods_Gofferwall_iOS_Sample.framework in Frameworks */,
			);
			runOnlyForDeploymentPostprocessing = 0;
		};
/* End PBXFrameworksBuildPhase section */

/* Begin PBXGroup section */
		0242B0D2CA1DD0E9571FCA1E /* Frameworks */ = {
			isa = PBXGroup;
			children = (
				BE1725A43426983CF7F3A18B /* Pods_Gofferwall_iOS_Sample.framework */,
			);
			name = Frameworks;
			sourceTree = "<group>";
		};
		9A8DBD582B5130A10093C015 = {
			isa = PBXGroup;
			children = (
				9A8DBD632B5130A10093C015 /* Gofferwall-iOS-Sample */,
				9A8DBD622B5130A10093C015 /* Products */,
				BFCAA82ED6323E8915446701 /* Pods */,
				0242B0D2CA1DD0E9571FCA1E /* Frameworks */,
			);
			sourceTree = "<group>";
		};
		9A8DBD622B5130A10093C015 /* Products */ = {
			isa = PBXGroup;
			children = (
				9A8DBD612B5130A10093C015 /* Gofferwall-iOS-Sample.app */,
			);
			name = Products;
			sourceTree = "<group>";
		};
		9A8DBD632B5130A10093C015 /* Gofferwall-iOS-Sample */ = {
			isa = PBXGroup;
			children = (
				9A8DBD642B5130A10093C015 /* AppDelegate.swift */,
				9A8DBD662B5130A10093C015 /* SceneDelegate.swift */,
				9A8DBD682B5130A10093C015 /* ViewController.swift */,
				9A8DBD6A2B5130A10093C015 /* Main.storyboard */,
				9A8DBD6D2B5130A10093C015 /* Assets.xcassets */,
				9A8DBD6F2B5130A10093C015 /* LaunchScreen.storyboard */,
				9A8DBD722B5130A10093C015 /* Info.plist */,
			);
			path = "Gofferwall-iOS-Sample";
			sourceTree = "<group>";
		};
		BFCAA82ED6323E8915446701 /* Pods */ = {
			isa = PBXGroup;
			children = (
				684EC21BB2796D32576B6C2E /* Pods-Gofferwall-iOS-Sample.debug.xcconfig */,
				5B89DCEB96C6AE7CA74F6F3A /* Pods-Gofferwall-iOS-Sample.release.xcconfig */,
			);
			path = Pods;
			sourceTree = "<group>";
		};
/* End PBXGroup section */

/* Begin PBXNativeTarget section */
		9A8DBD602B5130A10093C015 /* Gofferwall-iOS-Sample */ = {
			isa = PBXNativeTarget;
			buildConfigurationList = 9A8DBD752B5130A10093C015 /* Build configuration list for PBXNativeTarget "Gofferwall-iOS-Sample" */;
			buildPhases = (
				A9EED12326E36D0DFB4A3BBC /* [CP] Check Pods Manifest.lock */,
				9A8DBD5D2B5130A10093C015 /* Sources */,
				9A8DBD5E2B5130A10093C015 /* Frameworks */,
				9A8DBD5F2B5130A10093C015 /* Resources */,
				91A24472D2E95D8FCFE3656B /* [CP] Embed Pods Frameworks */,
			);
			buildRules = (
			);
			dependencies = (
			);
			name = "Gofferwall-iOS-Sample";
			productName = "Gofferwall-iOS-Sample";
			productReference = 9A8DBD612B5130A10093C015 /* Gofferwall-iOS-Sample.app */;
			productType = "com.apple.product-type.application";
		};
/* End PBXNativeTarget section */

/* Begin PBXProject section */
		9A8DBD592B5130A10093C015 /* Project object */ = {
			isa = PBXProject;
			attributes = {
				BuildIndependentTargetsInParallel = 1;
				LastSwiftUpdateCheck = 1520;
				LastUpgradeCheck = 1520;
				TargetAttributes = {
					9A8DBD602B5130A10093C015 = {
						CreatedOnToolsVersion = 15.2;
					};
				};
			};
			buildConfigurationList = 9A8DBD5C2B5130A10093C015 /* Build configuration list for PBXProject "Gofferwall-iOS-Sample" */;
			compatibilityVersion = "Xcode 14.0";
			developmentRegion = en;
			hasScannedForEncodings = 0;
			knownRegions = (
				en,
				Base,
			);
			mainGroup = 9A8DBD582B5130A10093C015;
			productRefGroup = 9A8DBD622B5130A10093C015 /* Products */;
			projectDirPath = "";
			projectRoot = "";
			targets = (
				9A8DBD602B5130A10093C015 /* Gofferwall-iOS-Sample */,
			);
		};
/* End PBXProject section */

/* Begin PBXResourcesBuildPhase section */
		9A8DBD5F2B5130A10093C015 /* Resources */ = {
			isa = PBXResourcesBuildPhase;
			buildActionMask = 2147483647;
			files = (
				9A8DBD712B5130A10093C015 /* LaunchScreen.storyboard in Resources */,
				9A8DBD6E2B5130A10093C015 /* Assets.xcassets in Resources */,
				9A8DBD6C2B5130A10093C015 /* Main.storyboard in Resources */,
			);
			runOnlyForDeploymentPostprocessing = 0;
		};
/* End PBXResourcesBuildPhase section */

/* Begin PBXShellScriptBuildPhase section */
		91A24472D2E95D8FCFE3656B /* [CP] Embed Pods Frameworks */ = {
			isa = PBXShellScriptBuildPhase;
			buildActionMask = 2147483647;
			files = (
			);
			inputFileListPaths = (
				"${PODS_ROOT}/Target Support Files/Pods-Gofferwall-iOS-Sample/Pods-Gofferwall-iOS-Sample-frameworks-${CONFIGURATION}-input-files.xcfilelist",
			);
			name = "[CP] Embed Pods Frameworks";
			outputFileListPaths = (
				"${PODS_ROOT}/Target Support Files/Pods-Gofferwall-iOS-Sample/Pods-Gofferwall-iOS-Sample-frameworks-${CONFIGURATION}-output-files.xcfilelist",
			);
			runOnlyForDeploymentPostprocessing = 0;
			shellPath = /bin/sh;
			shellScript = "\"${PODS_ROOT}/Target Support Files/Pods-Gofferwall-iOS-Sample/Pods-Gofferwall-iOS-Sample-frameworks.sh\"\n";
			showEnvVarsInLog = 0;
		};
		A9EED12326E36D0DFB4A3BBC /* [CP] Check Pods Manifest.lock */ = {
			isa = PBXShellScriptBuildPhase;
			buildActionMask = 2147483647;
			files = (
			);
			inputFileListPaths = (
			);
			inputPaths = (
				"${PODS_PODFILE_DIR_PATH}/Podfile.lock",
				"${PODS_ROOT}/Manifest.lock",
			);
			name = "[CP] Check Pods Manifest.lock";
			outputFileListPaths = (
			);
			outputPaths = (
				"$(DERIVED_FILE_DIR)/Pods-Gofferwall-iOS-Sample-checkManifestLockResult.txt",
			);
			runOnlyForDeploymentPostprocessing = 0;
			shellPath = /bin/sh;
			shellScript = "diff \"${PODS_PODFILE_DIR_PATH}/Podfile.lock\" \"${PODS_ROOT}/Manifest.lock\" > /dev/null\nif [ $? != 0 ] ; then\n    # print error to STDERR\n    echo \"error: The sandbox is not in sync with the Podfile.lock. Run 'pod install' or update your CocoaPods installation.\" >&2\n    exit 1\nfi\n# This output is used by Xcode 'outputs' to avoid re-running this script phase.\necho \"SUCCESS\" > \"${SCRIPT_OUTPUT_FILE_0}\"\n";
			showEnvVarsInLog = 0;
		};
/* End PBXShellScriptBuildPhase section */

/* Begin PBXSourcesBuildPhase section */
		9A8DBD5D2B5130A10093C015 /* Sources */ = {
			isa = PBXSourcesBuildPhase;
			buildActionMask = 2147483647;
			files = (
				9A8DBD692B5130A10093C015 /* ViewController.swift in Sources */,
				9A8DBD652B5130A10093C015 /* AppDelegate.swift in Sources */,
				9A8DBD672B5130A10093C015 /* SceneDelegate.swift in Sources */,
			);
			runOnlyForDeploymentPostprocessing = 0;
		};
/* End PBXSourcesBuildPhase section */

/* Begin PBXVariantGroup section */
		9A8DBD6A2B5130A10093C015 /* Main.storyboard */ = {
			isa = PBXVariantGroup;
			children = (
				9A8DBD6B2B5130A10093C015 /* Base */,
			);
			name = Main.storyboard;
			sourceTree = "<group>";
		};
		9A8DBD6F2B5130A10093C015 /* LaunchScreen.storyboard */ = {
			isa = PBXVariantGroup;
			children = (
				9A8DBD702B5130A10093C015 /* Base */,
			);
			name = LaunchScreen.storyboard;
			sourceTree = "<group>";
		};
/* End PBXVariantGroup section */

/* Begin XCBuildConfiguration section */
		9A8DBD732B5130A10093C015 /* Debug */ = {
			isa = XCBuildConfiguration;
			buildSettings = {
				ALWAYS_SEARCH_USER_PATHS = NO;
				ASSETCATALOG_COMPILER_GENERATE_SWIFT_ASSET_SYMBOL_EXTENSIONS = YES;
				CLANG_ANALYZER_NONNULL = YES;
				CLANG_ANALYZER_NUMBER_OBJECT_CONVERSION = YES_AGGRESSIVE;
				CLANG_CXX_LANGUAGE_STANDARD = "gnu++20";
				CLANG_ENABLE_MODULES = YES;
				CLANG_ENABLE_OBJC_ARC = YES;
				CLANG_ENABLE_OBJC_WEAK = YES;
				CLANG_WARN_BLOCK_CAPTURE_AUTORELEASING = YES;
				CLANG_WARN_BOOL_CONVERSION = YES;
				CLANG_WARN_COMMA = YES;
				CLANG_WARN_CONSTANT_CONVERSION = YES;
				CLANG_WARN_DEPRECATED_OBJC_IMPLEMENTATIONS = YES;
				CLANG_WARN_DIRECT_OBJC_ISA_USAGE = YES_ERROR;
				CLANG_WARN_DOCUMENTATION_COMMENTS = YES;
				CLANG_WARN_EMPTY_BODY = YES;
				CLANG_WARN_ENUM_CONVERSION = YES;
				CLANG_WARN_INFINITE_RECURSION = YES;
				CLANG_WARN_INT_CONVERSION = YES;
				CLANG_WARN_NON_LITERAL_NULL_CONVERSION = YES;
				CLANG_WARN_OBJC_IMPLICIT_RETAIN_SELF = YES;
				CLANG_WARN_OBJC_LITERAL_CONVERSION = YES;
				CLANG_WARN_OBJC_ROOT_CLASS = YES_ERROR;
				CLANG_WARN_QUOTED_INCLUDE_IN_FRAMEWORK_HEADER = YES;
				CLANG_WARN_RANGE_LOOP_ANALYSIS = YES;
				CLANG_WARN_STRICT_PROTOTYPES = YES;
				CLANG_WARN_SUSPICIOUS_MOVE = YES;
				CLANG_WARN_UNGUARDED_AVAILABILITY = YES_AGGRESSIVE;
				CLANG_WARN_UNREACHABLE_CODE = YES;
				CLANG_WARN__DUPLICATE_METHOD_MATCH = YES;
				COPY_PHASE_STRIP = NO;
				DEBUG_INFORMATION_FORMAT = dwarf;
				ENABLE_STRICT_OBJC_MSGSEND = YES;
				ENABLE_TESTABILITY = YES;
				ENABLE_USER_SCRIPT_SANDBOXING = NO;
				GCC_C_LANGUAGE_STANDARD = gnu17;
				GCC_DYNAMIC_NO_PIC = NO;
				GCC_NO_COMMON_BLOCKS = YES;
				GCC_OPTIMIZATION_LEVEL = 0;
				GCC_PREPROCESSOR_DEFINITIONS = (
					"DEBUG=1",
					"$(inherited)",
				);
				GCC_WARN_64_TO_32_BIT_CONVERSION = YES;
				GCC_WARN_ABOUT_RETURN_TYPE = YES_ERROR;
				GCC_WARN_UNDECLARED_SELECTOR = YES;
				GCC_WARN_UNINITIALIZED_AUTOS = YES_AGGRESSIVE;
				GCC_WARN_UNUSED_FUNCTION = YES;
				GCC_WARN_UNUSED_VARIABLE = YES;
				IPHONEOS_DEPLOYMENT_TARGET = 17.2;
				LOCALIZATION_PREFERS_STRING_CATALOGS = YES;
				MTL_ENABLE_DEBUG_INFO = INCLUDE_SOURCE;
				MTL_FAST_MATH = YES;
				ONLY_ACTIVE_ARCH = YES;
				SDKROOT = iphoneos;
				SWIFT_ACTIVE_COMPILATION_CONDITIONS = "DEBUG $(inherited)";
				SWIFT_OPTIMIZATION_LEVEL = "-Onone";
			};
			name = Debug;
		};
		9A8DBD742B5130A10093C015 /* Release */ = {
			isa = XCBuildConfiguration;
			buildSettings = {
				ALWAYS_SEARCH_USER_PATHS = NO;
				ASSETCATALOG_COMPILER_GENERATE_SWIFT_ASSET_SYMBOL_EXTENSIONS = YES;
				CLANG_ANALYZER_NONNULL = YES;
				CLANG_ANALYZER_NUMBER_OBJECT_CONVERSION = YES_AGGRESSIVE;
				CLANG_CXX_LANGUAGE_STANDARD = "gnu++20";
				CLANG_ENABLE_MODULES = YES;
				CLANG_ENABLE_OBJC_ARC = YES;
				CLANG_ENABLE_OBJC_WEAK = YES;
				CLANG_WARN_BLOCK_CAPTURE_AUTORELEASING = YES;
				CLANG_WARN_BOOL_CONVERSION = YES;
				CLANG_WARN_COMMA = YES;
				CLANG_WARN_CONSTANT_CONVERSION = YES;
				CLANG_WARN_DEPRECATED_OBJC_IMPLEMENTATIONS = YES;
				CLANG_WARN_DIRECT_OBJC_ISA_USAGE = YES_ERROR;
				CLANG_WARN_DOCUMENTATION_COMMENTS = YES;
				CLANG_WARN_EMPTY_BODY = YES;
				CLANG_WARN_ENUM_CONVERSION = YES;
				CLANG_WARN_INFINITE_RECURSION = YES;
				CLANG_WARN_INT_CONVERSION = YES;
				CLANG_WARN_NON_LITERAL_NULL_CONVERSION = YES;
				CLANG_WARN_OBJC_IMPLICIT_RETAIN_SELF = YES;
				CLANG_WARN_OBJC_LITERAL_CONVERSION = YES;
				CLANG_WARN_OBJC_ROOT_CLASS = YES_ERROR;
				CLANG_WARN_QUOTED_INCLUDE_IN_FRAMEWORK_HEADER = YES;
				CLANG_WARN_RANGE_LOOP_ANALYSIS = YES;
				CLANG_WARN_STRICT_PROTOTYPES = YES;
				CLANG_WARN_SUSPICIOUS_MOVE = YES;
				CLANG_WARN_UNGUARDED_AVAILABILITY = YES_AGGRESSIVE;
				CLANG_WARN_UNREACHABLE_CODE = YES;
				CLANG_WARN__DUPLICATE_METHOD_MATCH = YES;
				COPY_PHASE_STRIP = NO;
				DEBUG_INFORMATION_FORMAT = "dwarf-with-dsym";
				ENABLE_NS_ASSERTIONS = NO;
				ENABLE_STRICT_OBJC_MSGSEND = YES;
				ENABLE_USER_SCRIPT_SANDBOXING = NO;
				GCC_C_LANGUAGE_STANDARD = gnu17;
				GCC_NO_COMMON_BLOCKS = YES;
				GCC_WARN_64_TO_32_BIT_CONVERSION = YES;
				GCC_WARN_ABOUT_RETURN_TYPE = YES_ERROR;
				GCC_WARN_UNDECLARED_SELECTOR = YES;
				GCC_WARN_UNINITIALIZED_AUTOS = YES_AGGRESSIVE;
				GCC_WARN_UNUSED_FUNCTION = YES;
				GCC_WARN_UNUSED_VARIABLE = YES;
				IPHONEOS_DEPLOYMENT_TARGET = 17.2;
				LOCALIZATION_PREFERS_STRING_CATALOGS = YES;
				MTL_ENABLE_DEBUG_INFO = NO;
				MTL_FAST_MATH = YES;
				SDKROOT = iphoneos;
				SWIFT_COMPILATION_MODE = wholemodule;
				VALIDATE_PRODUCT = YES;
			};
			name = Release;
		};
		9A8DBD762B5130A10093C015 /* Debug */ = {
			isa = XCBuildConfiguration;
			baseConfigurationReference = 684EC21BB2796D32576B6C2E /* Pods-Gofferwall-iOS-Sample.debug.xcconfig */;
			buildSettings = {
				ASSETCATALOG_COMPILER_APPICON_NAME = AppIcon;
				ASSETCATALOG_COMPILER_GLOBAL_ACCENT_COLOR_NAME = AccentColor;
				CODE_SIGN_STYLE = Automatic;
				CURRENT_PROJECT_VERSION = 1;
				DEVELOPMENT_TEAM = JP86SWNN93;
				GENERATE_INFOPLIST_FILE = YES;
				INFOPLIST_FILE = "Gofferwall-iOS-Sample/Info.plist";
				INFOPLIST_KEY_UIApplicationSupportsIndirectInputEvents = YES;
				INFOPLIST_KEY_UILaunchStoryboardName = LaunchScreen;
				INFOPLIST_KEY_UIMainStoryboardFile = Main;
				INFOPLIST_KEY_UISupportedInterfaceOrientations_iPad = "UIInterfaceOrientationPortrait UIInterfaceOrientationPortraitUpsideDown UIInterfaceOrientationLandscapeLeft UIInterfaceOrientationLandscapeRight";
				INFOPLIST_KEY_UISupportedInterfaceOrientations_iPhone = "UIInterfaceOrientationPortrait UIInterfaceOrientationLandscapeLeft UIInterfaceOrientationLandscapeRight";
				IPHONEOS_DEPLOYMENT_TARGET = 12.0;
				LD_RUNPATH_SEARCH_PATHS = (
					"$(inherited)",
					"@executable_path/Frameworks",
				);
				MARKETING_VERSION = 1.0;
				PRODUCT_BUNDLE_IDENTIFIER = "kr.co.gofferwall.Gofferwall-iOS-Sample";
				PRODUCT_NAME = "$(TARGET_NAME)";
				SWIFT_EMIT_LOC_STRINGS = YES;
				SWIFT_VERSION = 5.0;
				TARGETED_DEVICE_FAMILY = "1,2";
			};
			name = Debug;
		};
		9A8DBD772B5130A10093C015 /* Release */ = {
			isa = XCBuildConfiguration;
			baseConfigurationReference = 5B89DCEB96C6AE7CA74F6F3A /* Pods-Gofferwall-iOS-Sample.release.xcconfig */;
			buildSettings = {
				ASSETCATALOG_COMPILER_APPICON_NAME = AppIcon;
				ASSETCATALOG_COMPILER_GLOBAL_ACCENT_COLOR_NAME = AccentColor;
				CODE_SIGN_STYLE = Automatic;
				CURRENT_PROJECT_VERSION = 1;
				DEVELOPMENT_TEAM = JP86SWNN93;
				GENERATE_INFOPLIST_FILE = YES;
				INFOPLIST_FILE = "Gofferwall-iOS-Sample/Info.plist";
				INFOPLIST_KEY_UIApplicationSupportsIndirectInputEvents = YES;
				INFOPLIST_KEY_UILaunchStoryboardName = LaunchScreen;
				INFOPLIST_KEY_UIMainStoryboardFile = Main;
				INFOPLIST_KEY_UISupportedInterfaceOrientations_iPad = "UIInterfaceOrientationPortrait UIInterfaceOrientationPortraitUpsideDown UIInterfaceOrientationLandscapeLeft UIInterfaceOrientationLandscapeRight";
				INFOPLIST_KEY_UISupportedInterfaceOrientations_iPhone = "UIInterfaceOrientationPortrait UIInterfaceOrientationLandscapeLeft UIInterfaceOrientationLandscapeRight";
				IPHONEOS_DEPLOYMENT_TARGET = 12.0;
				LD_RUNPATH_SEARCH_PATHS = (
					"$(inherited)",
					"@executable_path/Frameworks",
				);
				MARKETING_VERSION = 1.0;
				PRODUCT_BUNDLE_IDENTIFIER = "kr.co.gofferwall.Gofferwall-iOS-Sample";
				PRODUCT_NAME = "$(TARGET_NAME)";
				SWIFT_EMIT_LOC_STRINGS = YES;
				SWIFT_VERSION = 5.0;
				TARGETED_DEVICE_FAMILY = "1,2";
			};
			name = Release;
		};
/* End XCBuildConfiguration section */

/* Begin XCConfigurationList section */
		9A8DBD5C2B5130A10093C015 /* Build configuration list for PBXProject "Gofferwall-iOS-Sample" */ = {
			isa = XCConfigurationList;
			buildConfigurations = (
				9A8DBD732B5130A10093C015 /* Debug */,
				9A8DBD742B5130A10093C015 /* Release */,
			);
			defaultConfigurationIsVisible = 0;
			defaultConfigurationName = Release;
		};
		9A8DBD752B5130A10093C015 /* Build configuration list for PBXNativeTarget "Gofferwall-iOS-Sample" */ = {
			isa = XCConfigurationList;
			buildConfigurations = (
				9A8DBD762B5130A10093C015 /* Debug */,
				9A8DBD772B5130A10093C015 /* Release */,
			);
			defaultConfigurationIsVisible = 0;
			defaultConfigurationName = Release;
		};
/* End XCConfigurationList section */
	};
	rootObject = 9A8DBD592B5130A10093C015 /* Project object */;
}
